
Microsoft Visual Studio Solution File, Format Version 12.00
# Visual Studio 15
VisualStudioVersion = 15.0.28307.168
MinimumVisualStudioVersion = 10.0.40219.1
Project("{FAE04EC0-301F-11D3-BF4B-00C04F79EFBC}") = "ClassLibrary", "ClassLibrary\ClassLibrary.csproj", "{B4C23FE6-A3A4-49BC-9DD0-A43D0993D1A3}"
EndProject
Project("{FAE04EC0-301F-11D3-BF4B-00C04F79EFBC}") = "UnitTestTravelExperts", "UnitTestTravelExperts\UnitTestTravelExperts.csproj", "{7160D138-0F5E-4BE5-A504-455A787E84DC}"
EndProject
Project("{FAE04EC0-301F-11D3-BF4B-00C04F79EFBC}") = "TravelExpertsApplication", "TravelExpertsApplication\TravelExpertsApplication.csproj", "{F91897F4-83BC-47A9-BC5F-353CC4BA945E}"
EndProject
Global
	GlobalSection(SolutionConfigurationPlatforms) = preSolution
		Debug|Any CPU = Debug|Any CPU
		Release|Any CPU = Release|Any CPU
	EndGlobalSection
	GlobalSection(ProjectConfigurationPlatforms) = postSolution
		{B4C23FE6-A3A4-49BC-9DD0-A43D0993D1A3}.Debug|Any CPU.ActiveCfg = Debug|Any CPU
		{B4C23FE6-A3A4-49BC-9DD0-A43D0993D1A3}.Debug|Any CPU.Build.0 = Debug|Any CPU
		{B4C23FE6-A3A4-49BC-9DD0-A43D0993D1A3}.Release|Any CPU.ActiveCfg = Release|Any CPU
		{B4C23FE6-A3A4-49BC-9DD0-A43D0993D1A3}.Release|Any CPU.Build.0 = Release|Any CPU
		{7160D138-0F5E-4BE5-A504-455A787E84DC}.Debug|Any CPU.ActiveCfg = Debug|Any CPU
		{7160D138-0F5E-4BE5-A504-455A787E84DC}.Debug|Any CPU.Build.0 = Debug|Any CPU
		{7160D138-0F5E-4BE5-A504-455A787E84DC}.Release|Any CPU.ActiveCfg = Release|Any CPU
		{7160D138-0F5E-4BE5-A504-455A787E84DC}.Release|Any CPU.Build.0 = Release|Any CPU
		{F91897F4-83BC-47A9-BC5F-353CC4BA945E}.Debug|Any CPU.ActiveCfg = Debug|Any CPU
		{F91897F4-83BC-47A9-BC5F-353CC4BA945E}.Debug|Any CPU.Build.0 = Debug|Any CPU
		{F91897F4-83BC-47A9-BC5F-353CC4BA945E}.Release|Any CPU.ActiveCfg = Release|Any CPU
		{F91897F4-83BC-47A9-BC5F-353CC4BA945E}.Release|Any CPU.Build.0 = Release|Any CPU
	EndGlobalSection
	GlobalSection(SolutionProperties) = preSolution
		HideSolutionNode = FALSE
	EndGlobalSection
	GlobalSection(ExtensibilityGlobals) = postSolution
		SolutionGuid = {91054E32-7C74-4952-906A-4F1CCB0E94F7}
	EndGlobalSection
EndGlobal
